// !$*UTF8*$!
{
	archiveVersion = 1;
	classes = {
	};
	objectVersion = 46;
	objects = {

/* Begin PBXBuildFile section */
		DCF8C64E1B5B94620003960C /* Main.storyboard in Resources */ = {isa = PBXBuildFile; fileRef = DCF8C64C1B5B94620003960C /* Main.storyboard */; };
		DCF8C6501B5B94620003960C /* Images.xcassets in Resources */ = {isa = PBXBuildFile; fileRef = DCF8C64F1B5B94620003960C /* Images.xcassets */; };
		DCF8C6531B5B94620003960C /* LaunchScreen.xib in Resources */ = {isa = PBXBuildFile; fileRef = DCF8C6511B5B94620003960C /* LaunchScreen.xib */; };
		DCF8C65F1B5B94620003960C /* SwiftPennyPincherTests.swift in Sources */ = {isa = PBXBuildFile; fileRef = DCF8C65E1B5B94620003960C /* SwiftPennyPincherTests.swift */; };
		DCF8C66F1B5BA4550003960C /* AppDelegate.swift in Sources */ = {isa = PBXBuildFile; fileRef = DCF8C66B1B5BA4550003960C /* AppDelegate.swift */; };
		DCF8C6701B5BA4550003960C /* ViewController.swift in Sources */ = {isa = PBXBuildFile; fileRef = DCF8C66C1B5BA4550003960C /* ViewController.swift */; };
		DCF8C6711B5BA4550003960C /* PennyPincher.swift in Sources */ = {isa = PBXBuildFile; fileRef = DCF8C66E1B5BA4550003960C /* PennyPincher.swift */; };
		DCF8C6731B5BA4FF0003960C /* PennyPincherTemplate.swift in Sources */ = {isa = PBXBuildFile; fileRef = DCF8C6721B5BA4FF0003960C /* PennyPincherTemplate.swift */; };
		DCF8C6751B5BB9100003960C /* GestureView.swift in Sources */ = {isa = PBXBuildFile; fileRef = DCF8C6741B5BB9100003960C /* GestureView.swift */; };
/* End PBXBuildFile section */

/* Begin PBXContainerItemProxy section */
		DCF8C6591B5B94620003960C /* PBXContainerItemProxy */ = {
			isa = PBXContainerItemProxy;
			containerPortal = DCF8C63B1B5B94620003960C /* Project object */;
			proxyType = 1;
			remoteGlobalIDString = DCF8C6421B5B94620003960C;
			remoteInfo = SwiftPennyPincher;
		};
/* End PBXContainerItemProxy section */

/* Begin PBXFileReference section */
		DCF8C6431B5B94620003960C /* SwiftPennyPincher.app */ = {isa = PBXFileReference; explicitFileType = wrapper.application; includeInIndex = 0; path = SwiftPennyPincher.app; sourceTree = BUILT_PRODUCTS_DIR; };
		DCF8C6471B5B94620003960C /* Info.plist */ = {isa = PBXFileReference; lastKnownFileType = text.plist.xml; path = Info.plist; sourceTree = "<group>"; };
		DCF8C64D1B5B94620003960C /* Base */ = {isa = PBXFileReference; lastKnownFileType = file.storyboard; name = Base; path = Base.lproj/Main.storyboard; sourceTree = "<group>"; };
		DCF8C64F1B5B94620003960C /* Images.xcassets */ = {isa = PBXFileReference; lastKnownFileType = folder.assetcatalog; path = Images.xcassets; sourceTree = "<group>"; };
		DCF8C6521B5B94620003960C /* Base */ = {isa = PBXFileReference; lastKnownFileType = file.xib; name = Base; path = Base.lproj/LaunchScreen.xib; sourceTree = "<group>"; };
		DCF8C6581B5B94620003960C /* SwiftPennyPincherTests.xctest */ = {isa = PBXFileReference; explicitFileType = wrapper.cfbundle; includeInIndex = 0; path = SwiftPennyPincherTests.xctest; sourceTree = BUILT_PRODUCTS_DIR; };
		DCF8C65D1B5B94620003960C /* Info.plist */ = {isa = PBXFileReference; lastKnownFileType = text.plist.xml; path = Info.plist; sourceTree = "<group>"; };
		DCF8C65E1B5B94620003960C /* SwiftPennyPincherTests.swift */ = {isa = PBXFileReference; lastKnownFileType = sourcecode.swift; path = SwiftPennyPincherTests.swift; sourceTree = "<group>"; };
		DCF8C66B1B5BA4550003960C /* AppDelegate.swift */ = {isa = PBXFileReference; fileEncoding = 4; lastKnownFileType = sourcecode.swift; path = AppDelegate.swift; sourceTree = "<group>"; };
		DCF8C66C1B5BA4550003960C /* ViewController.swift */ = {isa = PBXFileReference; fileEncoding = 4; lastKnownFileType = sourcecode.swift; path = ViewController.swift; sourceTree = "<group>"; };
		DCF8C66E1B5BA4550003960C /* PennyPincher.swift */ = {isa = PBXFileReference; fileEncoding = 4; lastKnownFileType = sourcecode.swift; path = PennyPincher.swift; sourceTree = "<group>"; };
		DCF8C6721B5BA4FF0003960C /* PennyPincherTemplate.swift */ = {isa = PBXFileReference; fileEncoding = 4; lastKnownFileType = sourcecode.swift; path = PennyPincherTemplate.swift; sourceTree = "<group>"; };
		DCF8C6741B5BB9100003960C /* GestureView.swift */ = {isa = PBXFileReference; fileEncoding = 4; lastKnownFileType = sourcecode.swift; path = GestureView.swift; sourceTree = "<group>"; };
/* End PBXFileReference section */

/* Begin PBXFrameworksBuildPhase section */
		DCF8C6401B5B94620003960C /* Frameworks */ = {
			isa = PBXFrameworksBuildPhase;
			buildActionMask = 2147483647;
			files = (
			);
			runOnlyForDeploymentPostprocessing = 0;
		};
		DCF8C6551B5B94620003960C /* Frameworks */ = {
			isa = PBXFrameworksBuildPhase;
			buildActionMask = 2147483647;
			files = (
			);
			runOnlyForDeploymentPostprocessing = 0;
		};
/* End PBXFrameworksBuildPhase section */

/* Begin PBXGroup section */
		DCF8C63A1B5B94620003960C = {
			isa = PBXGroup;
			children = (
				DCF8C6451B5B94620003960C /* SwiftPennyPincher */,
				DCF8C65B1B5B94620003960C /* SwiftPennyPincherTests */,
				DCF8C6441B5B94620003960C /* Products */,
			);
			sourceTree = "<group>";
		};
		DCF8C6441B5B94620003960C /* Products */ = {
			isa = PBXGroup;
			children = (
				DCF8C6431B5B94620003960C /* SwiftPennyPincher.app */,
				DCF8C6581B5B94620003960C /* SwiftPennyPincherTests.xctest */,
			);
			name = Products;
			sourceTree = "<group>";
		};
		DCF8C6451B5B94620003960C /* SwiftPennyPincher */ = {
			isa = PBXGroup;
			children = (
				DCF8C66A1B5BA4550003960C /* app */,
				DCF8C66D1B5BA4550003960C /* pennypincher */,
				DCF8C64C1B5B94620003960C /* Main.storyboard */,
				DCF8C64F1B5B94620003960C /* Images.xcassets */,
				DCF8C6511B5B94620003960C /* LaunchScreen.xib */,
				DCF8C6461B5B94620003960C /* Supporting Files */,
			);
			path = SwiftPennyPincher;
			sourceTree = "<group>";
		};
		DCF8C6461B5B94620003960C /* Supporting Files */ = {
			isa = PBXGroup;
			children = (
				DCF8C6471B5B94620003960C /* Info.plist */,
			);
			name = "Supporting Files";
			sourceTree = "<group>";
		};
		DCF8C65B1B5B94620003960C /* SwiftPennyPincherTests */ = {
			isa = PBXGroup;
			children = (
				DCF8C65E1B5B94620003960C /* SwiftPennyPincherTests.swift */,
				DCF8C65C1B5B94620003960C /* Supporting Files */,
			);
			path = SwiftPennyPincherTests;
			sourceTree = "<group>";
		};
		DCF8C65C1B5B94620003960C /* Supporting Files */ = {
			isa = PBXGroup;
			children = (
				DCF8C65D1B5B94620003960C /* Info.plist */,
			);
			name = "Supporting Files";
			sourceTree = "<group>";
		};
		DCF8C66A1B5BA4550003960C /* app */ = {
			isa = PBXGroup;
			children = (
				DCF8C66B1B5BA4550003960C /* AppDelegate.swift */,
				DCF8C66C1B5BA4550003960C /* ViewController.swift */,
				DCF8C6741B5BB9100003960C /* GestureView.swift */,
			);
			name = app;
			path = src/app;
			sourceTree = "<group>";
		};
		DCF8C66D1B5BA4550003960C /* pennypincher */ = {
			isa = PBXGroup;
			children = (
				DCF8C66E1B5BA4550003960C /* PennyPincher.swift */,
				DCF8C6721B5BA4FF0003960C /* PennyPincherTemplate.swift */,
			);
			name = pennypincher;
			path = src/pennypincher;
			sourceTree = "<group>";
		};
/* End PBXGroup section */

/* Begin PBXNativeTarget section */
		DCF8C6421B5B94620003960C /* SwiftPennyPincher */ = {
			isa = PBXNativeTarget;
			buildConfigurationList = DCF8C6621B5B94620003960C /* Build configuration list for PBXNativeTarget "SwiftPennyPincher" */;
			buildPhases = (
				DCF8C63F1B5B94620003960C /* Sources */,
				DCF8C6401B5B94620003960C /* Frameworks */,
				DCF8C6411B5B94620003960C /* Resources */,
			);
			buildRules = (
			);
			dependencies = (
			);
			name = SwiftPennyPincher;
			productName = SwiftPennyPincher;
			productReference = DCF8C6431B5B94620003960C /* SwiftPennyPincher.app */;
			productType = "com.apple.product-type.application";
		};
		DCF8C6571B5B94620003960C /* SwiftPennyPincherTests */ = {
			isa = PBXNativeTarget;
			buildConfigurationList = DCF8C6651B5B94620003960C /* Build configuration list for PBXNativeTarget "SwiftPennyPincherTests" */;
			buildPhases = (
				DCF8C6541B5B94620003960C /* Sources */,
				DCF8C6551B5B94620003960C /* Frameworks */,
				DCF8C6561B5B94620003960C /* Resources */,
			);
			buildRules = (
			);
			dependencies = (
				DCF8C65A1B5B94620003960C /* PBXTargetDependency */,
			);
			name = SwiftPennyPincherTests;
			productName = SwiftPennyPincherTests;
			productReference = DCF8C6581B5B94620003960C /* SwiftPennyPincherTests.xctest */;
			productType = "com.apple.product-type.bundle.unit-test";
		};
/* End PBXNativeTarget section */

/* Begin PBXProject section */
		DCF8C63B1B5B94620003960C /* Project object */ = {
			isa = PBXProject;
			attributes = {
				LastUpgradeCheck = 0640;
				ORGANIZATIONNAME = betriebsraum;
				TargetAttributes = {
					DCF8C6421B5B94620003960C = {
						CreatedOnToolsVersion = 6.4;
					};
					DCF8C6571B5B94620003960C = {
						CreatedOnToolsVersion = 6.4;
						TestTargetID = DCF8C6421B5B94620003960C;
					};
				};
			};
			buildConfigurationList = DCF8C63E1B5B94620003960C /* Build configuration list for PBXProject "SwiftPennyPincher" */;
			compatibilityVersion = "Xcode 3.2";
			developmentRegion = English;
			hasScannedForEncodings = 0;
			knownRegions = (
				en,
				Base,
			);
			mainGroup = DCF8C63A1B5B94620003960C;
			productRefGroup = DCF8C6441B5B94620003960C /* Products */;
			projectDirPath = "";
			projectRoot = "";
			targets = (
				DCF8C6421B5B94620003960C /* SwiftPennyPincher */,
				DCF8C6571B5B94620003960C /* SwiftPennyPincherTests */,
			);
		};
/* End PBXProject section */

/* Begin PBXResourcesBuildPhase section */
		DCF8C6411B5B94620003960C /* Resources */ = {
			isa = PBXResourcesBuildPhase;
			buildActionMask = 2147483647;
			files = (
				DCF8C64E1B5B94620003960C /* Main.storyboard in Resources */,
				DCF8C6531B5B94620003960C /* LaunchScreen.xib in Resources */,
				DCF8C6501B5B94620003960C /* Images.xcassets in Resources */,
			);
			runOnlyForDeploymentPostprocessing = 0;
		};
		DCF8C6561B5B94620003960C /* Resources */ = {
			isa = PBXResourcesBuildPhase;
			buildActionMask = 2147483647;
			files = (
			);
			runOnlyForDeploymentPostprocessing = 0;
		};
/* End PBXResourcesBuildPhase section */

/* Begin PBXSourcesBuildPhase section */
		DCF8C63F1B5B94620003960C /* Sources */ = {
			isa = PBXSourcesBuildPhase;
			buildActionMask = 2147483647;
			files = (
				DCF8C6731B5BA4FF0003960C /* PennyPincherTemplate.swift in Sources */,
				DCF8C6701B5BA4550003960C /* ViewController.swift in Sources */,
				DCF8C6711B5BA4550003960C /* PennyPincher.swift in Sources */,
				DCF8C66F1B5BA4550003960C /* AppDelegate.swift in Sources */,
				DCF8C6751B5BB9100003960C /* GestureView.swift in Sources */,
			);
			runOnlyForDeploymentPostprocessing = 0;
		};
		DCF8C6541B5B94620003960C /* Sources */ = {
			isa = PBXSourcesBuildPhase;
			buildActionMask = 2147483647;
			files = (
				DCF8C65F1B5B94620003960C /* SwiftPennyPincherTests.swift in Sources */,
			);
			runOnlyForDeploymentPostprocessing = 0;
		};
/* End PBXSourcesBuildPhase section */

/* Begin PBXTargetDependency section */
		DCF8C65A1B5B94620003960C /* PBXTargetDependency */ = {
			isa = PBXTargetDependency;
			target = DCF8C6421B5B94620003960C /* SwiftPennyPincher */;
			targetProxy = DCF8C6591B5B94620003960C /* PBXContainerItemProxy */;
		};
/* End PBXTargetDependency section */

/* Begin PBXVariantGroup section */
		DCF8C64C1B5B94620003960C /* Main.storyboard */ = {
			isa = PBXVariantGroup;
			children = (
				DCF8C64D1B5B94620003960C /* Base */,
			);
			name = Main.storyboard;
			sourceTree = "<group>";
		};
		DCF8C6511B5B94620003960C /* LaunchScreen.xib */ = {
			isa = PBXVariantGroup;
			children = (
				DCF8C6521B5B94620003960C /* Base */,
			);
			name = LaunchScreen.xib;
			sourceTree = "<group>";
		};
/* End PBXVariantGroup section */

/* Begin XCBuildConfiguration section */
		DCF8C6601B5B94620003960C /* Debug */ = {
			isa = XCBuildConfiguration;
			buildSettings = {
				ALWAYS_SEARCH_USER_PATHS = NO;
				CLANG_CXX_LANGUAGE_STANDARD = "gnu++0x";
				CLANG_CXX_LIBRARY = "libc++";
				CLANG_ENABLE_MODULES = YES;
				CLANG_ENABLE_OBJC_ARC = YES;
				CLANG_WARN_BOOL_CONVERSION = YES;
				CLANG_WARN_CONSTANT_CONVERSION = YES;
				CLANG_WARN_DIRECT_OBJC_ISA_USAGE = YES_ERROR;
				CLANG_WARN_EMPTY_BODY = YES;
				CLANG_WARN_ENUM_CONVERSION = YES;
				CLANG_WARN_INT_CONVERSION = YES;
				CLANG_WARN_OBJC_ROOT_CLASS = YES_ERROR;
				CLANG_WARN_UNREACHABLE_CODE = YES;
				CLANG_WARN__DUPLICATE_METHOD_MATCH = YES;
				"CODE_SIGN_IDENTITY[sdk=iphoneos*]" = "iPhone Developer";
				COPY_PHASE_STRIP = NO;
				DEBUG_INFORMATION_FORMAT = "dwarf-with-dsym";
				ENABLE_STRICT_OBJC_MSGSEND = YES;
				GCC_C_LANGUAGE_STANDARD = gnu99;
				GCC_DYNAMIC_NO_PIC = NO;
				GCC_NO_COMMON_BLOCKS = YES;
				GCC_OPTIMIZATION_LEVEL = 0;
				GCC_PREPROCESSOR_DEFINITIONS = (
					"DEBUG=1",
					"$(inherited)",
				);
				GCC_SYMBOLS_PRIVATE_EXTERN = NO;
				GCC_WARN_64_TO_32_BIT_CONVERSION = YES;
				GCC_WARN_ABOUT_RETURN_TYPE = YES_ERROR;
				GCC_WARN_UNDECLARED_SELECTOR = YES;
				GCC_WARN_UNINITIALIZED_AUTOS = YES_AGGRESSIVE;
				GCC_WARN_UNUSED_FUNCTION = YES;
				GCC_WARN_UNUSED_VARIABLE = YES;
				IPHONEOS_DEPLOYMENT_TARGET = 8.4;
				MTL_ENABLE_DEBUG_INFO = YES;
				ONLY_ACTIVE_ARCH = YES;
				SDKROOT = iphoneos;
				SWIFT_OPTIMIZATION_LEVEL = "-Onone";
				TARGETED_DEVICE_FAMILY = "1,2";
			};
			name = Debug;
		};
		DCF8C6611B5B94620003960C /* Release */ = {
			isa = XCBuildConfiguration;
			buildSettings = {
				ALWAYS_SEARCH_USER_PATHS = NO;
				CLANG_CXX_LANGUAGE_STANDARD = "gnu++0x";
				CLANG_CXX_LIBRARY = "libc++";
				CLANG_ENABLE_MODULES = YES;
				CLANG_ENABLE_OBJC_ARC = YES;
				CLANG_WARN_BOOL_CONVERSION = YES;
				CLANG_WARN_CONSTANT_CONVERSION = YES;
				CLANG_WARN_DIRECT_OBJC_ISA_USAGE = YES_ERROR;
				CLANG_WARN_EMPTY_BODY = YES;
				CLANG_WARN_ENUM_CONVERSION = YES;
				CLANG_WARN_INT_CONVERSION = YES;
				CLANG_WARN_OBJC_ROOT_CLASS = YES_ERROR;
				CLANG_WARN_UNREACHABLE_CODE = YES;
				CLANG_WARN__DUPLICATE_METHOD_MATCH = YES;
				"CODE_SIGN_IDENTITY[sdk=iphoneos*]" = "iPhone Developer";
				COPY_PHASE_STRIP = NO;
				DEBUG_INFORMATION_FORMAT = "dwarf-with-dsym";
				ENABLE_NS_ASSERTIONS = NO;
				ENABLE_STRICT_OBJC_MSGSEND = YES;
				GCC_C_LANGUAGE_STANDARD = gnu99;
				GCC_NO_COMMON_BLOCKS = YES;
				GCC_WARN_64_TO_32_BIT_CONVERSION = YES;
				GCC_WARN_ABOUT_RETURN_TYPE = YES_ERROR;
				GCC_WARN_UNDECLARED_SELECTOR = YES;
				GCC_WARN_UNINITIALIZED_AUTOS = YES_AGGRESSIVE;
				GCC_WARN_UNUSED_FUNCTION = YES;
				GCC_WARN_UNUSED_VARIABLE = YES;
				IPHONEOS_DEPLOYMENT_TARGET = 8.4;
				MTL_ENABLE_DEBUG_INFO = NO;
				SDKROOT = iphoneos;
				TARGETED_DEVICE_FAMILY = "1,2";
				VALIDATE_PRODUCT = YES;
			};
			name = Release;
		};
		DCF8C6631B5B94620003960C /* Debug */ = {
			isa = XCBuildConfiguration;
			buildSettings = {
				ASSETCATALOG_COMPILER_APPICON_NAME = AppIcon;
				INFOPLIST_FILE = SwiftPennyPincher/Info.plist;
				LD_RUNPATH_SEARCH_PATHS = "$(inherited) @executable_path/Frameworks";
				PRODUCT_NAME = "$(TARGET_NAME)";
			};
			name = Debug;
		};
		DCF8C6641B5B94620003960C /* Release */ = {
			isa = XCBuildConfiguration;
			buildSettings = {
				ASSETCATALOG_COMPILER_APPICON_NAME = AppIcon;
				INFOPLIST_FILE = SwiftPennyPincher/Info.plist;
				LD_RUNPATH_SEARCH_PATHS = "$(inherited) @executable_path/Frameworks";
				PRODUCT_NAME = "$(TARGET_NAME)";
			};
			name = Release;
		};
		DCF8C6661B5B94620003960C /* Debug */ = {
			isa = XCBuildConfiguration;
			buildSettings = {
				BUNDLE_LOADER = "$(TEST_HOST)";
				FRAMEWORK_SEARCH_PATHS = (
					"$(SDKROOT)/Developer/Library/Frameworks",
					"$(inherited)",
				);
				GCC_PREPROCESSOR_DEFINITIONS = (
					"DEBUG=1",
					"$(inherited)",
				);
				INFOPLIST_FILE = SwiftPennyPincherTests/Info.plist;
				LD_RUNPATH_SEARCH_PATHS = "$(inherited) @executable_path/Frameworks @loader_path/Frameworks";
				PRODUCT_NAME = "$(TARGET_NAME)";
				TEST_HOST = "$(BUILT_PRODUCTS_DIR)/SwiftPennyPincher.app/SwiftPennyPincher";
			};
			name = Debug;
		};
		DCF8C6671B5B94620003960C /* Release */ = {
			isa = XCBuildConfiguration;
			buildSettings = {
				BUNDLE_LOADER = "$(TEST_HOST)";
				FRAMEWORK_SEARCH_PATHS = (
					"$(SDKROOT)/Developer/Library/Frameworks",
					"$(inherited)",
				);
				INFOPLIST_FILE = SwiftPennyPincherTests/Info.plist;
				LD_RUNPATH_SEARCH_PATHS = "$(inherited) @executable_path/Frameworks @loader_path/Frameworks";
				PRODUCT_NAME = "$(TARGET_NAME)";
				TEST_HOST = "$(BUILT_PRODUCTS_DIR)/SwiftPennyPincher.app/SwiftPennyPincher";
			};
			name = Release;
		};
/* End XCBuildConfiguration section */

/* Begin XCConfigurationList section */
		DCF8C63E1B5B94620003960C /* Build configuration list for PBXProject "SwiftPennyPincher" */ = {
			isa = XCConfigurationList;
			buildConfigurations = (
				DCF8C6601B5B94620003960C /* Debug */,
				DCF8C6611B5B94620003960C /* Release */,
			);
			defaultConfigurationIsVisible = 0;
			defaultConfigurationName = Release;
		};
		DCF8C6621B5B94620003960C /* Build configuration list for PBXNativeTarget "SwiftPennyPincher" */ = {
			isa = XCConfigurationList;
			buildConfigurations = (
				DCF8C6631B5B94620003960C /* Debug */,
				DCF8C6641B5B94620003960C /* Release */,
			);
			defaultConfigurationIsVisible = 0;
		};
		DCF8C6651B5B94620003960C /* Build configuration list for PBXNativeTarget "SwiftPennyPincherTests" */ = {
			isa = XCConfigurationList;
			buildConfigurations = (
				DCF8C6661B5B94620003960C /* Debug */,
				DCF8C6671B5B94620003960C /* Release */,
			);
			defaultConfigurationIsVisible = 0;
		};
/* End XCConfigurationList section */
	};
	rootObject = DCF8C63B1B5B94620003960C /* Project object */;
}
