// !$*UTF8*$!
{
	archiveVersion = 1;
	classes = {
	};
	objectVersion = 46;
	objects = {

/* Begin PBXBuildFile section */
		05B9FA711E3FA440001191E6 /* AndroidGesturesImporter.swift in Sources */ = {isa = PBXBuildFile; fileRef = 05B9FA701E3FA440001191E6 /* AndroidGesturesImporter.swift */; };
		05B9FA731E3FAF47001191E6 /* gestures.bin in Resources */ = {isa = PBXBuildFile; fileRef = 05B9FA721E3FAF47001191E6 /* gestures.bin */; };
		DC81940A1B6822CB00F5464A /* GestureView.swift in Sources */ = {isa = PBXBuildFile; fileRef = DC8194091B6822CB00F5464A /* GestureView.swift */; };
		DC8A2EBA1B681D7800E8FA66 /* AppDelegate.swift in Sources */ = {isa = PBXBuildFile; fileRef = DC8A2EB91B681D7800E8FA66 /* AppDelegate.swift */; };
		DC8A2EBC1B681D7800E8FA66 /* ViewController.swift in Sources */ = {isa = PBXBuildFile; fileRef = DC8A2EBB1B681D7800E8FA66 /* ViewController.swift */; };
		DC8A2EBF1B681D7800E8FA66 /* Main.storyboard in Resources */ = {isa = PBXBuildFile; fileRef = DC8A2EBD1B681D7800E8FA66 /* Main.storyboard */; };
		DC8A2EC11B681D7800E8FA66 /* Assets.xcassets in Resources */ = {isa = PBXBuildFile; fileRef = DC8A2EC01B681D7800E8FA66 /* Assets.xcassets */; };
		DC8A2EC41B681D7800E8FA66 /* LaunchScreen.storyboard in Resources */ = {isa = PBXBuildFile; fileRef = DC8A2EC21B681D7800E8FA66 /* LaunchScreen.storyboard */; };
		DCCE97AF1C270A6E00006354 /* PennyPincher.framework in Frameworks */ = {isa = PBXBuildFile; fileRef = DCCE97AE1C270A6E00006354 /* PennyPincher.framework */; };
/* End PBXBuildFile section */

/* Begin PBXFileReference section */
		05B9FA701E3FA440001191E6 /* AndroidGesturesImporter.swift */ = {isa = PBXFileReference; fileEncoding = 4; lastKnownFileType = sourcecode.swift; path = AndroidGesturesImporter.swift; sourceTree = "<group>"; };
		05B9FA721E3FAF47001191E6 /* gestures.bin */ = {isa = PBXFileReference; lastKnownFileType = archive.macbinary; path = gestures.bin; sourceTree = "<group>"; };
		DC8194091B6822CB00F5464A /* GestureView.swift */ = {isa = PBXFileReference; fileEncoding = 4; lastKnownFileType = sourcecode.swift; path = GestureView.swift; sourceTree = "<group>"; };
		DC8A2EB61B681D7800E8FA66 /* PennyPincherExample.app */ = {isa = PBXFileReference; explicitFileType = wrapper.application; includeInIndex = 0; path = PennyPincherExample.app; sourceTree = BUILT_PRODUCTS_DIR; };
		DC8A2EB91B681D7800E8FA66 /* AppDelegate.swift */ = {isa = PBXFileReference; lastKnownFileType = sourcecode.swift; path = AppDelegate.swift; sourceTree = "<group>"; };
		DC8A2EBB1B681D7800E8FA66 /* ViewController.swift */ = {isa = PBXFileReference; lastKnownFileType = sourcecode.swift; path = ViewController.swift; sourceTree = "<group>"; };
		DC8A2EBE1B681D7800E8FA66 /* Base */ = {isa = PBXFileReference; lastKnownFileType = file.storyboard; name = Base; path = Base.lproj/Main.storyboard; sourceTree = "<group>"; };
		DC8A2EC01B681D7800E8FA66 /* Assets.xcassets */ = {isa = PBXFileReference; lastKnownFileType = folder.assetcatalog; path = Assets.xcassets; sourceTree = "<group>"; };
		DC8A2EC31B681D7800E8FA66 /* Base */ = {isa = PBXFileReference; lastKnownFileType = file.storyboard; name = Base; path = Base.lproj/LaunchScreen.storyboard; sourceTree = "<group>"; };
		DC8A2EC51B681D7800E8FA66 /* Info.plist */ = {isa = PBXFileReference; lastKnownFileType = text.plist.xml; path = Info.plist; sourceTree = "<group>"; };
		DCCE97AE1C270A6E00006354 /* PennyPincher.framework */ = {isa = PBXFileReference; lastKnownFileType = wrapper.framework; name = PennyPincher.framework; path = Carthage/Build/iOS/PennyPincher.framework; sourceTree = "<group>"; };
/* End PBXFileReference section */

/* Begin PBXFrameworksBuildPhase section */
		DC8A2EB31B681D7800E8FA66 /* Frameworks */ = {
			isa = PBXFrameworksBuildPhase;
			buildActionMask = 2147483647;
			files = (
				DCCE97AF1C270A6E00006354 /* PennyPincher.framework in Frameworks */,
			);
			runOnlyForDeploymentPostprocessing = 0;
		};
/* End PBXFrameworksBuildPhase section */

/* Begin PBXGroup section */
		DC8A2EAD1B681D7800E8FA66 = {
			isa = PBXGroup;
			children = (
				DCCE97AE1C270A6E00006354 /* PennyPincher.framework */,
				DC8A2EB81B681D7800E8FA66 /* PennyPincherExample */,
				DC8A2EB71B681D7800E8FA66 /* Products */,
			);
			sourceTree = "<group>";
		};
		DC8A2EB71B681D7800E8FA66 /* Products */ = {
			isa = PBXGroup;
			children = (
				DC8A2EB61B681D7800E8FA66 /* PennyPincherExample.app */,
			);
			name = Products;
			sourceTree = "<group>";
		};
		DC8A2EB81B681D7800E8FA66 /* PennyPincherExample */ = {
			isa = PBXGroup;
			children = (
				DC8A2EB91B681D7800E8FA66 /* AppDelegate.swift */,
				DC8194091B6822CB00F5464A /* GestureView.swift */,
				DC8A2EBB1B681D7800E8FA66 /* ViewController.swift */,
				05B9FA701E3FA440001191E6 /* AndroidGesturesImporter.swift */,
				DC8A2EBD1B681D7800E8FA66 /* Main.storyboard */,
				DC8A2EC01B681D7800E8FA66 /* Assets.xcassets */,
				DC8A2EC21B681D7800E8FA66 /* LaunchScreen.storyboard */,
				DC8A2EC51B681D7800E8FA66 /* Info.plist */,
				05B9FA721E3FAF47001191E6 /* gestures.bin */,
			);
			path = PennyPincherExample;
			sourceTree = "<group>";
		};
/* End PBXGroup section */

/* Begin PBXNativeTarget section */
		DC8A2EB51B681D7800E8FA66 /* PennyPincherExample */ = {
			isa = PBXNativeTarget;
			buildConfigurationList = DC8A2EC81B681D7800E8FA66 /* Build configuration list for PBXNativeTarget "PennyPincherExample" */;
			buildPhases = (
				DC8A2EB21B681D7800E8FA66 /* Sources */,
				DC8A2EB31B681D7800E8FA66 /* Frameworks */,
				DC8A2EB41B681D7800E8FA66 /* Resources */,
				DC8A2ED31B68220200E8FA66 /* Carthage */,
			);
			buildRules = (
			);
			dependencies = (
			);
			name = PennyPincherExample;
			productName = PennyPincherExample;
			productReference = DC8A2EB61B681D7800E8FA66 /* PennyPincherExample.app */;
			productType = "com.apple.product-type.application";
		};
/* End PBXNativeTarget section */

/* Begin PBXProject section */
		DC8A2EAE1B681D7800E8FA66 /* Project object */ = {
			isa = PBXProject;
			attributes = {
				LastUpgradeCheck = 0800;
				ORGANIZATIONNAME = betriebsraum;
				TargetAttributes = {
					DC8A2EB51B681D7800E8FA66 = {
						CreatedOnToolsVersion = 7.0;
						DevelopmentTeam = 8B6Q2FRE35;
						LastSwiftMigration = 0800;
					};
				};
			};
			buildConfigurationList = DC8A2EB11B681D7800E8FA66 /* Build configuration list for PBXProject "PennyPincherExample" */;
			compatibilityVersion = "Xcode 3.2";
			developmentRegion = English;
			hasScannedForEncodings = 0;
			knownRegions = (
				en,
				Base,
			);
			mainGroup = DC8A2EAD1B681D7800E8FA66;
			productRefGroup = DC8A2EB71B681D7800E8FA66 /* Products */;
			projectDirPath = "";
			projectRoot = "";
			targets = (
				DC8A2EB51B681D7800E8FA66 /* PennyPincherExample */,
			);
		};
/* End PBXProject section */

/* Begin PBXResourcesBuildPhase section */
		DC8A2EB41B681D7800E8FA66 /* Resources */ = {
			isa = PBXResourcesBuildPhase;
			buildActionMask = 2147483647;
			files = (
				DC8A2EC41B681D7800E8FA66 /* LaunchScreen.storyboard in Resources */,
				DC8A2EC11B681D7800E8FA66 /* Assets.xcassets in Resources */,
				05B9FA731E3FAF47001191E6 /* gestures.bin in Resources */,
				DC8A2EBF1B681D7800E8FA66 /* Main.storyboard in Resources */,
			);
			runOnlyForDeploymentPostprocessing = 0;
		};
/* End PBXResourcesBuildPhase section */

/* Begin PBXShellScriptBuildPhase section */
		DC8A2ED31B68220200E8FA66 /* Carthage */ = {
			isa = PBXShellScriptBuildPhase;
			buildActionMask = 2147483647;
			files = (
			);
			inputPaths = (
				"$(SRCROOT)/Carthage/Build/iOS/PennyPincher.framework",
			);
			name = Carthage;
			outputPaths = (
			);
			runOnlyForDeploymentPostprocessing = 0;
			shellPath = /bin/sh;
			shellScript = "/usr/local/bin/carthage copy-frameworks";
		};
/* End PBXShellScriptBuildPhase section */

/* Begin PBXSourcesBuildPhase section */
		DC8A2EB21B681D7800E8FA66 /* Sources */ = {
			isa = PBXSourcesBuildPhase;
			buildActionMask = 2147483647;
			files = (
				DC8A2EBC1B681D7800E8FA66 /* ViewController.swift in Sources */,
				DC8A2EBA1B681D7800E8FA66 /* AppDelegate.swift in Sources */,
				DC81940A1B6822CB00F5464A /* GestureView.swift in Sources */,
				05B9FA711E3FA440001191E6 /* AndroidGesturesImporter.swift in Sources */,
			);
			runOnlyForDeploymentPostprocessing = 0;
		};
/* End PBXSourcesBuildPhase section */

/* Begin PBXVariantGroup section */
		DC8A2EBD1B681D7800E8FA66 /* Main.storyboard */ = {
			isa = PBXVariantGroup;
			children = (
				DC8A2EBE1B681D7800E8FA66 /* Base */,
			);
			name = Main.storyboard;
			sourceTree = "<group>";
		};
		DC8A2EC21B681D7800E8FA66 /* LaunchScreen.storyboard */ = {
			isa = PBXVariantGroup;
			children = (
				DC8A2EC31B681D7800E8FA66 /* Base */,
			);
			name = LaunchScreen.storyboard;
			sourceTree = "<group>";
		};
/* End PBXVariantGroup section */

/* Begin XCBuildConfiguration section */
		DC8A2EC61B681D7800E8FA66 /* Debug */ = {
			isa = XCBuildConfiguration;
			buildSettings = {
				ALWAYS_SEARCH_USER_PATHS = NO;
				CLANG_CXX_LANGUAGE_STANDARD = "gnu++0x";
				CLANG_CXX_LIBRARY = "libc++";
				CLANG_ENABLE_MODULES = YES;
				CLANG_ENABLE_OBJC_ARC = YES;
				CLANG_WARN_BOOL_CONVERSION = YES;
				CLANG_WARN_CONSTANT_CONVERSION = YES;
				CLANG_WARN_DIRECT_OBJC_ISA_USAGE = YES_ERROR;
				CLANG_WARN_EMPTY_BODY = YES;
				CLANG_WARN_ENUM_CONVERSION = YES;
				CLANG_WARN_INFINITE_RECURSION = YES;
				CLANG_WARN_INT_CONVERSION = YES;
				CLANG_WARN_OBJC_ROOT_CLASS = YES_ERROR;
				CLANG_WARN_SUSPICIOUS_MOVE = YES;
				CLANG_WARN_UNREACHABLE_CODE = YES;
				CLANG_WARN__DUPLICATE_METHOD_MATCH = YES;
				"CODE_SIGN_IDENTITY[sdk=iphoneos*]" = "iPhone Developer";
				COPY_PHASE_STRIP = NO;
				DEBUG_INFORMATION_FORMAT = dwarf;
				ENABLE_STRICT_OBJC_MSGSEND = YES;
				ENABLE_TESTABILITY = YES;
				GCC_C_LANGUAGE_STANDARD = gnu99;
				GCC_DYNAMIC_NO_PIC = NO;
				GCC_NO_COMMON_BLOCKS = YES;
				GCC_OPTIMIZATION_LEVEL = 0;
				GCC_PREPROCESSOR_DEFINITIONS = (
					"DEBUG=1",
					"$(inherited)",
				);
				GCC_WARN_64_TO_32_BIT_CONVERSION = YES;
				GCC_WARN_ABOUT_RETURN_TYPE = YES_ERROR;
				GCC_WARN_UNDECLARED_SELECTOR = YES;
				GCC_WARN_UNINITIALIZED_AUTOS = YES_AGGRESSIVE;
				GCC_WARN_UNUSED_FUNCTION = YES;
				GCC_WARN_UNUSED_VARIABLE = YES;
				IPHONEOS_DEPLOYMENT_TARGET = 9.0;
				MTL_ENABLE_DEBUG_INFO = YES;
				ONLY_ACTIVE_ARCH = YES;
				SDKROOT = iphoneos;
				SWIFT_OPTIMIZATION_LEVEL = "-Onone";
				TARGETED_DEVICE_FAMILY = "1,2";
			};
			name = Debug;
		};
		DC8A2EC71B681D7800E8FA66 /* Release */ = {
			isa = XCBuildConfiguration;
			buildSettings = {
				ALWAYS_SEARCH_USER_PATHS = NO;
				CLANG_CXX_LANGUAGE_STANDARD = "gnu++0x";
				CLANG_CXX_LIBRARY = "libc++";
				CLANG_ENABLE_MODULES = YES;
				CLANG_ENABLE_OBJC_ARC = YES;
				CLANG_WARN_BOOL_CONVERSION = YES;
				CLANG_WARN_CONSTANT_CONVERSION = YES;
				CLANG_WARN_DIRECT_OBJC_ISA_USAGE = YES_ERROR;
				CLANG_WARN_EMPTY_BODY = YES;
				CLANG_WARN_ENUM_CONVERSION = YES;
				CLANG_WARN_INFINITE_RECURSION = YES;
				CLANG_WARN_INT_CONVERSION = YES;
				CLANG_WARN_OBJC_ROOT_CLASS = YES_ERROR;
				CLANG_WARN_SUSPICIOUS_MOVE = YES;
				CLANG_WARN_UNREACHABLE_CODE = YES;
				CLANG_WARN__DUPLICATE_METHOD_MATCH = YES;
				"CODE_SIGN_IDENTITY[sdk=iphoneos*]" = "iPhone Developer";
				COPY_PHASE_STRIP = NO;
				DEBUG_INFORMATION_FORMAT = "dwarf-with-dsym";
				ENABLE_NS_ASSERTIONS = NO;
				ENABLE_STRICT_OBJC_MSGSEND = YES;
				GCC_C_LANGUAGE_STANDARD = gnu99;
				GCC_NO_COMMON_BLOCKS = YES;
				GCC_WARN_64_TO_32_BIT_CONVERSION = YES;
				GCC_WARN_ABOUT_RETURN_TYPE = YES_ERROR;
				GCC_WARN_UNDECLARED_SELECTOR = YES;
				GCC_WARN_UNINITIALIZED_AUTOS = YES_AGGRESSIVE;
				GCC_WARN_UNUSED_FUNCTION = YES;
				GCC_WARN_UNUSED_VARIABLE = YES;
				IPHONEOS_DEPLOYMENT_TARGET = 9.0;
				MTL_ENABLE_DEBUG_INFO = NO;
				SDKROOT = iphoneos;
				SWIFT_OPTIMIZATION_LEVEL = "-Owholemodule";
				TARGETED_DEVICE_FAMILY = "1,2";
				VALIDATE_PRODUCT = YES;
			};
			name = Release;
		};
		DC8A2EC91B681D7800E8FA66 /* Debug */ = {
			isa = XCBuildConfiguration;
			buildSettings = {
				ASSETCATALOG_COMPILER_APPICON_NAME = AppIcon;
				DEVELOPMENT_TEAM = 8B6Q2FRE35;
				FRAMEWORK_SEARCH_PATHS = (
					"$(inherited)",
					"$(PROJECT_DIR)/Carthage/Build/iOS",
				);
				INFOPLIST_FILE = PennyPincherExample/Info.plist;
				LD_RUNPATH_SEARCH_PATHS = "$(inherited) @executable_path/Frameworks";
				PRODUCT_BUNDLE_IDENTIFIER = de.betriebsraum.PennyPincherExample;
				PRODUCT_NAME = "$(TARGET_NAME)";
				SWIFT_VERSION = 3.0;
			};
			name = Debug;
		};
		DC8A2ECA1B681D7800E8FA66 /* Release */ = {
			isa = XCBuildConfiguration;
			buildSettings = {
				ASSETCATALOG_COMPILER_APPICON_NAME = AppIcon;
				DEVELOPMENT_TEAM = 8B6Q2FRE35;
				FRAMEWORK_SEARCH_PATHS = (
					"$(inherited)",
					"$(PROJECT_DIR)/Carthage/Build/iOS",
				);
				INFOPLIST_FILE = PennyPincherExample/Info.plist;
				LD_RUNPATH_SEARCH_PATHS = "$(inherited) @executable_path/Frameworks";
				PRODUCT_BUNDLE_IDENTIFIER = de.betriebsraum.PennyPincherExample;
				PRODUCT_NAME = "$(TARGET_NAME)";
				SWIFT_VERSION = 3.0;
			};
			name = Release;
		};
/* End XCBuildConfiguration section */

/* Begin XCConfigurationList section */
		DC8A2EB11B681D7800E8FA66 /* Build configuration list for PBXProject "PennyPincherExample" */ = {
			isa = XCConfigurationList;
			buildConfigurations = (
				DC8A2EC61B681D7800E8FA66 /* Debug */,
				DC8A2EC71B681D7800E8FA66 /* Release */,
			);
			defaultConfigurationIsVisible = 0;
			defaultConfigurationName = Release;
		};
		DC8A2EC81B681D7800E8FA66 /* Build configuration list for PBXNativeTarget "PennyPincherExample" */ = {
			isa = XCConfigurationList;
			buildConfigurations = (
				DC8A2EC91B681D7800E8FA66 /* Debug */,
				DC8A2ECA1B681D7800E8FA66 /* Release */,
			);
			defaultConfigurationIsVisible = 0;
			defaultConfigurationName = Release;
		};
/* End XCConfigurationList section */
	};
	rootObject = DC8A2EAE1B681D7800E8FA66 /* Project object */;
}
